
Microsoft Visual Studio Solution File, Format Version 12.00
# Visual Studio Version 17
VisualStudioVersion = 17.0.31903.59
MinimumVisualStudioVersion = 10.0.40219.1
Project("{2150E333-8FDC-42A3-9474-1A3956D46DE8}") = "src", "src", "{69BB07E8-A15E-4DAE-A893-663E383FA171}"
EndProject
Project("{2150E333-8FDC-42A3-9474-1A3956D46DE8}") = "Services", "Services", "{366C6232-5D80-4141-A4EA-2DFDD3E7A358}"
EndProject
Project("{2150E333-8FDC-42A3-9474-1A3956D46DE8}") = "Booking", "Booking", "{4F1FA4E3-4E88-4CE2-AB87-3BDAC4D1EA62}"
EndProject
Project("{FAE04EC0-301F-11D3-BF4B-00C04F79EFBC}") = "HotelBooking.Domain", "src\Services\Booking\HotelBooking.Domain\HotelBooking.Domain.csproj", "{A46E5DC1-1630-4317-9124-C665FC9126D6}"
EndProject
Project("{FAE04EC0-301F-11D3-BF4B-00C04F79EFBC}") = "HotelBooking.Application", "src\Services\Booking\HotelBooking.Application\HotelBooking.Application.csproj", "{389510B5-4C0E-4DBD-9E2F-7B0F36198899}"
EndProject
Project("{FAE04EC0-301F-11D3-BF4B-00C04F79EFBC}") = "HotelBooking.Infrastructure", "src\Services\Booking\HotelBooking.Infrastructure\HotelBooking.Infrastructure.csproj", "{2AA25889-06EF-4349-A71F-61C1671F566F}"
EndProject
Project("{FAE04EC0-301F-11D3-BF4B-00C04F79EFBC}") = "HotelBooking.Api", "src\Services\Booking\HotelBooking.Api\HotelBooking.Api.csproj", "{C02722B5-1D16-428E-8F19-2A8F7471ADCE}"
EndProject
Project("{2150E333-8FDC-42A3-9474-1A3956D46DE8}") = "Shared", "Shared", "{F52B13C0-6990-45B7-BBAB-1D52F39DAB93}"
EndProject
Project("{FAE04EC0-301F-11D3-BF4B-00C04F79EFBC}") = "HotelBooking.Shared", "src\Shared\HotelBooking.Shared\HotelBooking.Shared.csproj", "{9310DE99-1DBC-4F5C-A7C2-9923042D7E9A}"
EndProject
Project("{2150E333-8FDC-42A3-9474-1A3956D46DE8}") = "Gateway", "Gateway", "{B8E3A5C1-7D2F-4A9E-8C1B-3F6D2E5A4B7C}"
EndProject
Project("{FAE04EC0-301F-11D3-BF4B-00C04F79EFBC}") = "HotelBooking.Gateway", "src\Gateway\HotelBooking.Gateway\HotelBooking.Gateway.csproj", "{E1F2A3B4-5C6D-7E8F-9A0B-1C2D3E4F5A6B}"
EndProject
Project("{2150E333-8FDC-42A3-9474-1A3956D46DE8}") = "tests", "tests", "{9C8B0487-6823-42BF-88C2-6C9F4C75C471}"
EndProject
Project("{FAE04EC0-301F-11D3-BF4B-00C04F79EFBC}") = "HotelBooking.Domain.Tests", "tests\HotelBooking.Domain.Tests\HotelBooking.Domain.Tests.csproj", "{63C26071-C85B-419B-A120-E5E9CA286805}"
EndProject
Project("{FAE04EC0-301F-11D3-BF4B-00C04F79EFBC}") = "HotelBooking.Application.Tests", "tests\HotelBooking.Application.Tests\HotelBooking.Application.Tests.csproj", "{2261E7BC-2D11-4599-ACA0-EA8AB805AA46}"
EndProject
Project("{FAE04EC0-301F-11D3-BF4B-00C04F79EFBC}") = "HotelBooking.Infrastructure.Tests", "tests\HotelBooking.Infrastructure.Tests\HotelBooking.Infrastructure.Tests.csproj", "{D44E7200-DE94-4C5B-B472-F1419D74A29B}"
EndProject
Project("{FAE04EC0-301F-11D3-BF4B-00C04F79EFBC}") = "HotelBooking.Api.IntegrationTests", "tests\HotelBooking.Api.IntegrationTests\HotelBooking.Api.IntegrationTests.csproj", "{D3654A5C-CDD7-450B-9EDF-0362D848B3C4}"
EndProject
Project("{2150E333-8FDC-42A3-9474-1A3956D46DE8}") = "Pricing", "Pricing", "{A1B2C3D4-5E6F-7A8B-9C0D-1E2F3A4B5C6D}"
EndProject
Project("{FAE04EC0-301F-11D3-BF4B-00C04F79EFBC}") = "HotelBooking.Pricing.Api", "src\Services\Pricing\HotelBooking.Pricing.Api\HotelBooking.Pricing.Api.csproj", "{B2C3D4E5-6F7A-8B9C-0D1E-2F3A4B5C6D7E}"
EndProject
Project("{2150E333-8FDC-42A3-9474-1A3956D46DE8}") = "Notification", "Notification", "{0BDF108A-25EF-49C0-9341-87E622452901}"
EndProject
Project("{FAE04EC0-301F-11D3-BF4B-00C04F79EFBC}") = "HotelBooking.Notification", "src\Services\Notification\HotelBooking.Notification\HotelBooking.Notification.csproj", "{D050D7E3-96B8-4C68-A4EC-9F2452790580}"
EndProject
Global
	GlobalSection(SolutionConfigurationPlatforms) = preSolution
		Debug|Any CPU = Debug|Any CPU
		Release|Any CPU = Release|Any CPU
	EndGlobalSection
	GlobalSection(SolutionProperties) = preSolution
		HideSolutionNode = FALSE
	EndGlobalSection
	GlobalSection(ProjectConfigurationPlatforms) = postSolution
		{A46E5DC1-1630-4317-9124-C665FC9126D6}.Debug|Any CPU.ActiveCfg = Debug|Any CPU
		{A46E5DC1-1630-4317-9124-C665FC9126D6}.Debug|Any CPU.Build.0 = Debug|Any CPU
		{A46E5DC1-1630-4317-9124-C665FC9126D6}.Release|Any CPU.ActiveCfg = Release|Any CPU
		{A46E5DC1-1630-4317-9124-C665FC9126D6}.Release|Any CPU.Build.0 = Release|Any CPU
		{389510B5-4C0E-4DBD-9E2F-7B0F36198899}.Debug|Any CPU.ActiveCfg = Debug|Any CPU
		{389510B5-4C0E-4DBD-9E2F-7B0F36198899}.Debug|Any CPU.Build.0 = Debug|Any CPU
		{389510B5-4C0E-4DBD-9E2F-7B0F36198899}.Release|Any CPU.ActiveCfg = Release|Any CPU
		{389510B5-4C0E-4DBD-9E2F-7B0F36198899}.Release|Any CPU.Build.0 = Release|Any CPU
		{2AA25889-06EF-4349-A71F-61C1671F566F}.Debug|Any CPU.ActiveCfg = Debug|Any CPU
		{2AA25889-06EF-4349-A71F-61C1671F566F}.Debug|Any CPU.Build.0 = Debug|Any CPU
		{2AA25889-06EF-4349-A71F-61C1671F566F}.Release|Any CPU.ActiveCfg = Release|Any CPU
		{2AA25889-06EF-4349-A71F-61C1671F566F}.Release|Any CPU.Build.0 = Release|Any CPU
		{C02722B5-1D16-428E-8F19-2A8F7471ADCE}.Debug|Any CPU.ActiveCfg = Debug|Any CPU
		{C02722B5-1D16-428E-8F19-2A8F7471ADCE}.Debug|Any CPU.Build.0 = Debug|Any CPU
		{C02722B5-1D16-428E-8F19-2A8F7471ADCE}.Release|Any CPU.ActiveCfg = Release|Any CPU
		{C02722B5-1D16-428E-8F19-2A8F7471ADCE}.Release|Any CPU.Build.0 = Release|Any CPU
		{9310DE99-1DBC-4F5C-A7C2-9923042D7E9A}.Debug|Any CPU.ActiveCfg = Debug|Any CPU
		{9310DE99-1DBC-4F5C-A7C2-9923042D7E9A}.Debug|Any CPU.Build.0 = Debug|Any CPU
		{9310DE99-1DBC-4F5C-A7C2-9923042D7E9A}.Release|Any CPU.ActiveCfg = Release|Any CPU
		{9310DE99-1DBC-4F5C-A7C2-9923042D7E9A}.Release|Any CPU.Build.0 = Release|Any CPU
		{63C26071-C85B-419B-A120-E5E9CA286805}.Debug|Any CPU.ActiveCfg = Debug|Any CPU
		{63C26071-C85B-419B-A120-E5E9CA286805}.Debug|Any CPU.Build.0 = Debug|Any CPU
		{63C26071-C85B-419B-A120-E5E9CA286805}.Release|Any CPU.ActiveCfg = Release|Any CPU
		{63C26071-C85B-419B-A120-E5E9CA286805}.Release|Any CPU.Build.0 = Release|Any CPU
		{2261E7BC-2D11-4599-ACA0-EA8AB805AA46}.Debug|Any CPU.ActiveCfg = Debug|Any CPU
		{2261E7BC-2D11-4599-ACA0-EA8AB805AA46}.Debug|Any CPU.Build.0 = Debug|Any CPU
		{2261E7BC-2D11-4599-ACA0-EA8AB805AA46}.Release|Any CPU.ActiveCfg = Release|Any CPU
		{2261E7BC-2D11-4599-ACA0-EA8AB805AA46}.Release|Any CPU.Build.0 = Release|Any CPU
		{D44E7200-DE94-4C5B-B472-F1419D74A29B}.Debug|Any CPU.ActiveCfg = Debug|Any CPU
		{D44E7200-DE94-4C5B-B472-F1419D74A29B}.Debug|Any CPU.Build.0 = Debug|Any CPU
		{D44E7200-DE94-4C5B-B472-F1419D74A29B}.Release|Any CPU.ActiveCfg = Release|Any CPU
		{D44E7200-DE94-4C5B-B472-F1419D74A29B}.Release|Any CPU.Build.0 = Release|Any CPU
		{D3654A5C-CDD7-450B-9EDF-0362D848B3C4}.Debug|Any CPU.ActiveCfg = Debug|Any CPU
		{D3654A5C-CDD7-450B-9EDF-0362D848B3C4}.Debug|Any CPU.Build.0 = Debug|Any CPU
		{D3654A5C-CDD7-450B-9EDF-0362D848B3C4}.Release|Any CPU.ActiveCfg = Release|Any CPU
		{D3654A5C-CDD7-450B-9EDF-0362D848B3C4}.Release|Any CPU.Build.0 = Release|Any CPU
		{E1F2A3B4-5C6D-7E8F-9A0B-1C2D3E4F5A6B}.Debug|Any CPU.ActiveCfg = Debug|Any CPU
		{E1F2A3B4-5C6D-7E8F-9A0B-1C2D3E4F5A6B}.Debug|Any CPU.Build.0 = Debug|Any CPU
		{E1F2A3B4-5C6D-7E8F-9A0B-1C2D3E4F5A6B}.Release|Any CPU.ActiveCfg = Release|Any CPU
		{E1F2A3B4-5C6D-7E8F-9A0B-1C2D3E4F5A6B}.Release|Any CPU.Build.0 = Release|Any CPU
		{D050D7E3-96B8-4C68-A4EC-9F2452790580}.Debug|Any CPU.ActiveCfg = Debug|Any CPU
		{D050D7E3-96B8-4C68-A4EC-9F2452790580}.Debug|Any CPU.Build.0 = Debug|Any CPU
		{D050D7E3-96B8-4C68-A4EC-9F2452790580}.Release|Any CPU.ActiveCfg = Release|Any CPU
		{D050D7E3-96B8-4C68-A4EC-9F2452790580}.Release|Any CPU.Build.0 = Release|Any CPU
		{B2C3D4E5-6F7A-8B9C-0D1E-2F3A4B5C6D7E}.Debug|Any CPU.ActiveCfg = Debug|Any CPU
		{B2C3D4E5-6F7A-8B9C-0D1E-2F3A4B5C6D7E}.Debug|Any CPU.Build.0 = Debug|Any CPU
		{B2C3D4E5-6F7A-8B9C-0D1E-2F3A4B5C6D7E}.Release|Any CPU.ActiveCfg = Release|Any CPU
		{B2C3D4E5-6F7A-8B9C-0D1E-2F3A4B5C6D7E}.Release|Any CPU.Build.0 = Release|Any CPU
	EndGlobalSection
	GlobalSection(NestedProjects) = preSolution
		{366C6232-5D80-4141-A4EA-2DFDD3E7A358} = {69BB07E8-A15E-4DAE-A893-663E383FA171}
		{4F1FA4E3-4E88-4CE2-AB87-3BDAC4D1EA62} = {366C6232-5D80-4141-A4EA-2DFDD3E7A358}
		{A46E5DC1-1630-4317-9124-C665FC9126D6} = {4F1FA4E3-4E88-4CE2-AB87-3BDAC4D1EA62}
		{389510B5-4C0E-4DBD-9E2F-7B0F36198899} = {4F1FA4E3-4E88-4CE2-AB87-3BDAC4D1EA62}
		{2AA25889-06EF-4349-A71F-61C1671F566F} = {4F1FA4E3-4E88-4CE2-AB87-3BDAC4D1EA62}
		{C02722B5-1D16-428E-8F19-2A8F7471ADCE} = {4F1FA4E3-4E88-4CE2-AB87-3BDAC4D1EA62}
		{F52B13C0-6990-45B7-BBAB-1D52F39DAB93} = {69BB07E8-A15E-4DAE-A893-663E383FA171}
		{9310DE99-1DBC-4F5C-A7C2-9923042D7E9A} = {F52B13C0-6990-45B7-BBAB-1D52F39DAB93}
		{63C26071-C85B-419B-A120-E5E9CA286805} = {9C8B0487-6823-42BF-88C2-6C9F4C75C471}
		{2261E7BC-2D11-4599-ACA0-EA8AB805AA46} = {9C8B0487-6823-42BF-88C2-6C9F4C75C471}
		{D44E7200-DE94-4C5B-B472-F1419D74A29B} = {9C8B0487-6823-42BF-88C2-6C9F4C75C471}
		{D3654A5C-CDD7-450B-9EDF-0362D848B3C4} = {9C8B0487-6823-42BF-88C2-6C9F4C75C471}
		{B8E3A5C1-7D2F-4A9E-8C1B-3F6D2E5A4B7C} = {69BB07E8-A15E-4DAE-A893-663E383FA171}
		{E1F2A3B4-5C6D-7E8F-9A0B-1C2D3E4F5A6B} = {B8E3A5C1-7D2F-4A9E-8C1B-3F6D2E5A4B7C}
		{A1B2C3D4-5E6F-7A8B-9C0D-1E2F3A4B5C6D} = {366C6232-5D80-4141-A4EA-2DFDD3E7A358}
		{B2C3D4E5-6F7A-8B9C-0D1E-2F3A4B5C6D7E} = {A1B2C3D4-5E6F-7A8B-9C0D-1E2F3A4B5C6D}
		{0BDF108A-25EF-49C0-9341-87E622452901} = {366C6232-5D80-4141-A4EA-2DFDD3E7A358}
		{D050D7E3-96B8-4C68-A4EC-9F2452790580} = {0BDF108A-25EF-49C0-9341-87E622452901}
	EndGlobalSection
EndGlobal
